
Microsoft Visual Studio Solution File, Format Version 12.00
# Visual Studio 14
VisualStudioVersion = 14.0.25123.0
MinimumVisualStudioVersion = 10.0.40219.1
Project("{FAE04EC0-301F-11D3-BF4B-00C04F79EFBC}") = "CrossAppDomainServices", "CrossAppDomainServices\CrossAppDomainServices.csproj", "{A71A38BC-061D-46B8-96F2-E94A4F61C55A}"
EndProject
Project("{2150E333-8FDC-42A3-9474-1A3956D46DE8}") = "Solution Items", "Solution Items", "{14E2984A-B49D-495C-A483-4590862BE95B}"
	ProjectSection(SolutionItems) = preProject
		errorLog1.txt = errorLog1.txt
		errorLog2.txt = errorLog2.txt
		errorLog3.txt = errorLog3.txt
	EndProjectSection
EndProject
Global
	GlobalSection(SolutionConfigurationPlatforms) = preSolution
		Debug|Any CPU = Debug|Any CPU
		Release|Any CPU = Release|Any CPU
	EndGlobalSection
	GlobalSection(ProjectConfigurationPlatforms) = postSolution
		{A71A38BC-061D-46B8-96F2-E94A4F61C55A}.Debug|Any CPU.ActiveCfg = Debug|Any CPU
		{A71A38BC-061D-46B8-96F2-E94A4F61C55A}.Debug|Any CPU.Build.0 = Debug|Any CPU
		{A71A38BC-061D-46B8-96F2-E94A4F61C55A}.Release|Any CPU.ActiveCfg = Release|Any CPU
		{A71A38BC-061D-46B8-96F2-E94A4F61C55A}.Release|Any CPU.Build.0 = Release|Any CPU
	EndGlobalSection
	GlobalSection(SolutionProperties) = preSolution
		HideSolutionNode = FALSE
	EndGlobalSection
EndGlobal
